
Microsoft Visual Studio Solution File, Format Version 12.00
# Visual Studio Version 16
VisualStudioVersion = 16.0.31702.278
MinimumVisualStudioVersion = 10.0.40219.1
Project("{FAE04EC0-301F-11D3-BF4B-00C04F79EFBC}") = "SPP1", "SPP1\SPP1.csproj", "{F1B02822-E5CA-4795-94FD-496E733A8DEA}"
EndProject
Project("{FAE04EC0-301F-11D3-BF4B-00C04F79EFBC}") = "Tracer", "Tracer\Tracer.csproj", "{CC329849-9D06-4602-886C-EDF37B99C2D5}"
EndProject
Global
	GlobalSection(SolutionConfigurationPlatforms) = preSolution
		Debug|Any CPU = Debug|Any CPU
		Release|Any CPU = Release|Any CPU
	EndGlobalSection
	GlobalSection(ProjectConfigurationPlatforms) = postSolution
		{F1B02822-E5CA-4795-94FD-496E733A8DEA}.Debug|Any CPU.ActiveCfg = Debug|Any CPU
		{F1B02822-E5CA-4795-94FD-496E733A8DEA}.Debug|Any CPU.Build.0 = Debug|Any CPU
		{F1B02822-E5CA-4795-94FD-496E733A8DEA}.Release|Any CPU.ActiveCfg = Release|Any CPU
		{F1B02822-E5CA-4795-94FD-496E733A8DEA}.Release|Any CPU.Build.0 = Release|Any CPU
		{CC329849-9D06-4602-886C-EDF37B99C2D5}.Debug|Any CPU.ActiveCfg = Debug|Any CPU
		{CC329849-9D06-4602-886C-EDF37B99C2D5}.Debug|Any CPU.Build.0 = Debug|Any CPU
		{CC329849-9D06-4602-886C-EDF37B99C2D5}.Release|Any CPU.ActiveCfg = Release|Any CPU
		{CC329849-9D06-4602-886C-EDF37B99C2D5}.Release|Any CPU.Build.0 = Release|Any CPU
	EndGlobalSection
	GlobalSection(SolutionProperties) = preSolution
		HideSolutionNode = FALSE
	EndGlobalSection
	GlobalSection(ExtensibilityGlobals) = postSolution
		SolutionGuid = {8D7A80A7-0AAE-4048-9A95-B239CD1F8AAD}
	EndGlobalSection
EndGlobal
